
Microsoft Visual Studio Solution File, Format Version 12.00
# Visual Studio Version 17
VisualStudioVersion = 17.11.35222.181
MinimumVisualStudioVersion = 10.0.40219.1
Project("{FAE04EC0-301F-11D3-BF4B-00C04F79EFBC}") = "MS539 GUI App", "MS539 GUI App.csproj", "{43525668-F92C-4120-82B3-AF8C917ABF27}"
EndProject
Global
	GlobalSection(SolutionConfigurationPlatforms) = preSolution
		Debug|Any CPU = Debug|Any CPU
		Release|Any CPU = Release|Any CPU
	EndGlobalSection
	GlobalSection(ProjectConfigurationPlatforms) = postSolution
		{43525668-F92C-4120-82B3-AF8C917ABF27}.Debug|Any CPU.ActiveCfg = Debug|Any CPU
		{43525668-F92C-4120-82B3-AF8C917ABF27}.Debug|Any CPU.Build.0 = Debug|Any CPU
		{43525668-F92C-4120-82B3-AF8C917ABF27}.Release|Any CPU.ActiveCfg = Release|Any CPU
		{43525668-F92C-4120-82B3-AF8C917ABF27}.Release|Any CPU.Build.0 = Release|Any CPU
	EndGlobalSection
	GlobalSection(SolutionProperties) = preSolution
		HideSolutionNode = FALSE
	EndGlobalSection
	GlobalSection(ExtensibilityGlobals) = postSolution
		SolutionGuid = {0BE3B002-540C-4245-92B8-69F52CFCB391}
	EndGlobalSection
EndGlobal
